<?xml version="1.0" encoding="utf-8"?>
<Project ToolsVersion="4.0" xmlns="http://schemas.microsoft.com/developer/msbuild/2003">
  <ItemGroup>
    <ClCompile Include="Source.cpp">
      <Filter>CppFiles</Filter>
    </ClCompile>
  </ItemGroup>
  <ItemGroup>
    <ClInclude Include="Log.h">
      <Filter>HeaderFiles</Filter>
    </ClInclude>
    <ClInclude Include="LevelManagement.h">
      <Filter>HeaderFiles</Filter>
    </ClInclude>
    <ClInclude Include="ObjectManagement.h">
      <Filter>HeaderFiles</Filter>
    </ClInclude>
    <ClInclude Include="Mmath.h">
      <Filter>HeaderFiles</Filter>
    </ClInclude>
  </ItemGroup>
  <ItemGroup>
    <Filter Include="CppFiles">
      <UniqueIdentifier>{b53c31ec-0540-4ca1-8720-a67aa0bfa869}</UniqueIdentifier>
    </Filter>
    <Filter Include="HeaderFiles">
      <UniqueIdentifier>{43b25c05-063e-4478-89a7-8e9969a587a5}</UniqueIdentifier>
    </Filter>
  </ItemGroup>
</Project>